
Microsoft Visual Studio Solution File, Format Version 12.00
# Visual Studio Version 17
VisualStudioVersion = 17.5.33424.131
MinimumVisualStudioVersion = 10.0.40219.1
Project("{FAE04EC0-301F-11D3-BF4B-00C04F79EFBC}") = "Strings.Logic", "Strings.Logic\Strings.Logic.csproj", "{AD5A5AFF-D074-4AB4-8C0C-8F7637854482}"
EndProject
Project("{FAE04EC0-301F-11D3-BF4B-00C04F79EFBC}") = "Strings.UI", "Strings.UI\Strings.UI.csproj", "{9597D6B1-CB6D-4ECB-8874-9C7B52342603}"
EndProject
Global
	GlobalSection(SolutionConfigurationPlatforms) = preSolution
		Debug|Any CPU = Debug|Any CPU
		Release|Any CPU = Release|Any CPU
	EndGlobalSection
	GlobalSection(ProjectConfigurationPlatforms) = postSolution
		{AD5A5AFF-D074-4AB4-8C0C-8F7637854482}.Debug|Any CPU.ActiveCfg = Debug|Any CPU
		{AD5A5AFF-D074-4AB4-8C0C-8F7637854482}.Debug|Any CPU.Build.0 = Debug|Any CPU
		{AD5A5AFF-D074-4AB4-8C0C-8F7637854482}.Release|Any CPU.ActiveCfg = Release|Any CPU
		{AD5A5AFF-D074-4AB4-8C0C-8F7637854482}.Release|Any CPU.Build.0 = Release|Any CPU
		{9597D6B1-CB6D-4ECB-8874-9C7B52342603}.Debug|Any CPU.ActiveCfg = Debug|Any CPU
		{9597D6B1-CB6D-4ECB-8874-9C7B52342603}.Debug|Any CPU.Build.0 = Debug|Any CPU
		{9597D6B1-CB6D-4ECB-8874-9C7B52342603}.Release|Any CPU.ActiveCfg = Release|Any CPU
		{9597D6B1-CB6D-4ECB-8874-9C7B52342603}.Release|Any CPU.Build.0 = Release|Any CPU
	EndGlobalSection
	GlobalSection(SolutionProperties) = preSolution
		HideSolutionNode = FALSE
	EndGlobalSection
	GlobalSection(ExtensibilityGlobals) = postSolution
		SolutionGuid = {1E182EAB-803C-4050-9A18-1F0D4D5099FD}
	EndGlobalSection
EndGlobal
